
Microsoft Visual Studio Solution File, Format Version 12.00
# Visual Studio Version 17
VisualStudioVersion = 17.0.31903.59
MinimumVisualStudioVersion = 10.0.40219.1
Project("{2150E333-8FDC-42A3-9474-1A3956D46DE8}") = "src", "src", "{827E0CD3-B72D-47B6-A68D-7590B98EB39B}"
EndProject
Project("{FAE04EC0-301F-11D3-BF4B-00C04F79EFBC}") = "CSharp.Api", "src\CSharp.Api\CSharp.Api.csproj", "{5598DDBD-C558-4494-92BE-B409B9098472}"
EndProject
Project("{FAE04EC0-301F-11D3-BF4B-00C04F79EFBC}") = "CSharp.Application", "src\CSharp.Application\CSharp.Application.csproj", "{6FA4A95F-9B79-4137-A7E0-89E2429B574F}"
EndProject
Project("{FAE04EC0-301F-11D3-BF4B-00C04F79EFBC}") = "CSharp.Core", "src\CSharp.Core\CSharp.Core.csproj", "{A26FB4D0-43F7-4AE2-BFD3-7A0BFDF9F0CF}"
EndProject
Project("{FAE04EC0-301F-11D3-BF4B-00C04F79EFBC}") = "CSharp.Infrastructure", "src\CSharp.Infrastructure\CSharp.Infrastructure.csproj", "{214D97AE-DE60-42EC-97F5-56761EBA4047}"
EndProject
Project("{2150E333-8FDC-42A3-9474-1A3956D46DE8}") = "tests", "tests", "{0AB3BF05-4346-4AA6-1389-037BE0695223}"
EndProject
Project("{FAE04EC0-301F-11D3-BF4B-00C04F79EFBC}") = "CSharp.Tests", "tests\CSharp.Tests\CSharp.Tests.csproj", "{E5B4161C-C37D-4E11-AD5C-509440DE0978}"
EndProject
Global
	GlobalSection(SolutionConfigurationPlatforms) = preSolution
		Debug|Any CPU = Debug|Any CPU
		Debug|x64 = Debug|x64
		Debug|x86 = Debug|x86
		Release|Any CPU = Release|Any CPU
		Release|x64 = Release|x64
		Release|x86 = Release|x86
	EndGlobalSection
	GlobalSection(ProjectConfigurationPlatforms) = postSolution
		{5598DDBD-C558-4494-92BE-B409B9098472}.Debug|Any CPU.ActiveCfg = Debug|Any CPU
		{5598DDBD-C558-4494-92BE-B409B9098472}.Debug|Any CPU.Build.0 = Debug|Any CPU
		{5598DDBD-C558-4494-92BE-B409B9098472}.Debug|x64.ActiveCfg = Debug|Any CPU
		{5598DDBD-C558-4494-92BE-B409B9098472}.Debug|x64.Build.0 = Debug|Any CPU
		{5598DDBD-C558-4494-92BE-B409B9098472}.Debug|x86.ActiveCfg = Debug|Any CPU
		{5598DDBD-C558-4494-92BE-B409B9098472}.Debug|x86.Build.0 = Debug|Any CPU
		{5598DDBD-C558-4494-92BE-B409B9098472}.Release|Any CPU.ActiveCfg = Release|Any CPU
		{5598DDBD-C558-4494-92BE-B409B9098472}.Release|Any CPU.Build.0 = Release|Any CPU
		{5598DDBD-C558-4494-92BE-B409B9098472}.Release|x64.ActiveCfg = Release|Any CPU
		{5598DDBD-C558-4494-92BE-B409B9098472}.Release|x64.Build.0 = Release|Any CPU
		{5598DDBD-C558-4494-92BE-B409B9098472}.Release|x86.ActiveCfg = Release|Any CPU
		{5598DDBD-C558-4494-92BE-B409B9098472}.Release|x86.Build.0 = Release|Any CPU
		{6FA4A95F-9B79-4137-A7E0-89E2429B574F}.Debug|Any CPU.ActiveCfg = Debug|Any CPU
		{6FA4A95F-9B79-4137-A7E0-89E2429B574F}.Debug|Any CPU.Build.0 = Debug|Any CPU
		{6FA4A95F-9B79-4137-A7E0-89E2429B574F}.Debug|x64.ActiveCfg = Debug|Any CPU
		{6FA4A95F-9B79-4137-A7E0-89E2429B574F}.Debug|x64.Build.0 = Debug|Any CPU
		{6FA4A95F-9B79-4137-A7E0-89E2429B574F}.Debug|x86.ActiveCfg = Debug|Any CPU
		{6FA4A95F-9B79-4137-A7E0-89E2429B574F}.Debug|x86.Build.0 = Debug|Any CPU
		{6FA4A95F-9B79-4137-A7E0-89E2429B574F}.Release|Any CPU.ActiveCfg = Release|Any CPU
		{6FA4A95F-9B79-4137-A7E0-89E2429B574F}.Release|Any CPU.Build.0 = Release|Any CPU
		{6FA4A95F-9B79-4137-A7E0-89E2429B574F}.Release|x64.ActiveCfg = Release|Any CPU
		{6FA4A95F-9B79-4137-A7E0-89E2429B574F}.Release|x64.Build.0 = Release|Any CPU
		{6FA4A95F-9B79-4137-A7E0-89E2429B574F}.Release|x86.ActiveCfg = Release|Any CPU
		{6FA4A95F-9B79-4137-A7E0-89E2429B574F}.Release|x86.Build.0 = Release|Any CPU
		{A26FB4D0-43F7-4AE2-BFD3-7A0BFDF9F0CF}.Debug|Any CPU.ActiveCfg = Debug|Any CPU
		{A26FB4D0-43F7-4AE2-BFD3-7A0BFDF9F0CF}.Debug|Any CPU.Build.0 = Debug|Any CPU
		{A26FB4D0-43F7-4AE2-BFD3-7A0BFDF9F0CF}.Debug|x64.ActiveCfg = Debug|Any CPU
		{A26FB4D0-43F7-4AE2-BFD3-7A0BFDF9F0CF}.Debug|x64.Build.0 = Debug|Any CPU
		{A26FB4D0-43F7-4AE2-BFD3-7A0BFDF9F0CF}.Debug|x86.ActiveCfg = Debug|Any CPU
		{A26FB4D0-43F7-4AE2-BFD3-7A0BFDF9F0CF}.Debug|x86.Build.0 = Debug|Any CPU
		{A26FB4D0-43F7-4AE2-BFD3-7A0BFDF9F0CF}.Release|Any CPU.ActiveCfg = Release|Any CPU
		{A26FB4D0-43F7-4AE2-BFD3-7A0BFDF9F0CF}.Release|Any CPU.Build.0 = Release|Any CPU
		{A26FB4D0-43F7-4AE2-BFD3-7A0BFDF9F0CF}.Release|x64.ActiveCfg = Release|Any CPU
		{A26FB4D0-43F7-4AE2-BFD3-7A0BFDF9F0CF}.Release|x64.Build.0 = Release|Any CPU
		{A26FB4D0-43F7-4AE2-BFD3-7A0BFDF9F0CF}.Release|x86.ActiveCfg = Release|Any CPU
		{A26FB4D0-43F7-4AE2-BFD3-7A0BFDF9F0CF}.Release|x86.Build.0 = Release|Any CPU
		{214D97AE-DE60-42EC-97F5-56761EBA4047}.Debug|Any CPU.ActiveCfg = Debug|Any CPU
		{214D97AE-DE60-42EC-97F5-56761EBA4047}.Debug|Any CPU.Build.0 = Debug|Any CPU
		{214D97AE-DE60-42EC-97F5-56761EBA4047}.Debug|x64.ActiveCfg = Debug|Any CPU
		{214D97AE-DE60-42EC-97F5-56761EBA4047}.Debug|x64.Build.0 = Debug|Any CPU
		{214D97AE-DE60-42EC-97F5-56761EBA4047}.Debug|x86.ActiveCfg = Debug|Any CPU
		{214D97AE-DE60-42EC-97F5-56761EBA4047}.Debug|x86.Build.0 = Debug|Any CPU
		{214D97AE-DE60-42EC-97F5-56761EBA4047}.Release|Any CPU.ActiveCfg = Release|Any CPU
		{214D97AE-DE60-42EC-97F5-56761EBA4047}.Release|Any CPU.Build.0 = Release|Any CPU
		{214D97AE-DE60-42EC-97F5-56761EBA4047}.Release|x64.ActiveCfg = Release|Any CPU
		{214D97AE-DE60-42EC-97F5-56761EBA4047}.Release|x64.Build.0 = Release|Any CPU
		{214D97AE-DE60-42EC-97F5-56761EBA4047}.Release|x86.ActiveCfg = Release|Any CPU
		{214D97AE-DE60-42EC-97F5-56761EBA4047}.Release|x86.Build.0 = Release|Any CPU
		{E5B4161C-C37D-4E11-AD5C-509440DE0978}.Debug|Any CPU.ActiveCfg = Debug|Any CPU
		{E5B4161C-C37D-4E11-AD5C-509440DE0978}.Debug|Any CPU.Build.0 = Debug|Any CPU
		{E5B4161C-C37D-4E11-AD5C-509440DE0978}.Debug|x64.ActiveCfg = Debug|Any CPU
		{E5B4161C-C37D-4E11-AD5C-509440DE0978}.Debug|x64.Build.0 = Debug|Any CPU
		{E5B4161C-C37D-4E11-AD5C-509440DE0978}.Debug|x86.ActiveCfg = Debug|Any CPU
		{E5B4161C-C37D-4E11-AD5C-509440DE0978}.Debug|x86.Build.0 = Debug|Any CPU
		{E5B4161C-C37D-4E11-AD5C-509440DE0978}.Release|Any CPU.ActiveCfg = Release|Any CPU
		{E5B4161C-C37D-4E11-AD5C-509440DE0978}.Release|Any CPU.Build.0 = Release|Any CPU
		{E5B4161C-C37D-4E11-AD5C-509440DE0978}.Release|x64.ActiveCfg = Release|Any CPU
		{E5B4161C-C37D-4E11-AD5C-509440DE0978}.Release|x64.Build.0 = Release|Any CPU
		{E5B4161C-C37D-4E11-AD5C-509440DE0978}.Release|x86.ActiveCfg = Release|Any CPU
		{E5B4161C-C37D-4E11-AD5C-509440DE0978}.Release|x86.Build.0 = Release|Any CPU
	EndGlobalSection
	GlobalSection(SolutionProperties) = preSolution
		HideSolutionNode = FALSE
	EndGlobalSection
	GlobalSection(NestedProjects) = preSolution
		{5598DDBD-C558-4494-92BE-B409B9098472} = {827E0CD3-B72D-47B6-A68D-7590B98EB39B}
		{6FA4A95F-9B79-4137-A7E0-89E2429B574F} = {827E0CD3-B72D-47B6-A68D-7590B98EB39B}
		{A26FB4D0-43F7-4AE2-BFD3-7A0BFDF9F0CF} = {827E0CD3-B72D-47B6-A68D-7590B98EB39B}
		{214D97AE-DE60-42EC-97F5-56761EBA4047} = {827E0CD3-B72D-47B6-A68D-7590B98EB39B}
		{E5B4161C-C37D-4E11-AD5C-509440DE0978} = {0AB3BF05-4346-4AA6-1389-037BE0695223}
	EndGlobalSection
EndGlobal
